
Microsoft Visual Studio Solution File, Format Version 12.00
# Visual Studio Version 17
VisualStudioVersion = 17.8.34330.188
MinimumVisualStudioVersion = 10.0.40219.1
Project("{FAE04EC0-301F-11D3-BF4B-00C04F79EFBC}") = "bt-Event", "bt-Event.csproj", "{26569AEC-2305-4E98-998A-7A891DD4F1A9}"
EndProject
Global
	GlobalSection(SolutionConfigurationPlatforms) = preSolution
		Debug|Any CPU = Debug|Any CPU
		Release|Any CPU = Release|Any CPU
	EndGlobalSection
	GlobalSection(ProjectConfigurationPlatforms) = postSolution
		{26569AEC-2305-4E98-998A-7A891DD4F1A9}.Debug|Any CPU.ActiveCfg = Debug|Any CPU
		{26569AEC-2305-4E98-998A-7A891DD4F1A9}.Debug|Any CPU.Build.0 = Debug|Any CPU
		{26569AEC-2305-4E98-998A-7A891DD4F1A9}.Release|Any CPU.ActiveCfg = Release|Any CPU
		{26569AEC-2305-4E98-998A-7A891DD4F1A9}.Release|Any CPU.Build.0 = Release|Any CPU
	EndGlobalSection
	GlobalSection(SolutionProperties) = preSolution
		HideSolutionNode = FALSE
	EndGlobalSection
	GlobalSection(ExtensibilityGlobals) = postSolution
		SolutionGuid = {7E8CA1DC-276F-4BAE-91DA-21CD4127F01B}
	EndGlobalSection
EndGlobal
