
Microsoft Visual Studio Solution File, Format Version 12.00
# Visual Studio Version 17
VisualStudioVersion = 17.8.34330.188
MinimumVisualStudioVersion = 10.0.40219.1
Project("{FAE04EC0-301F-11D3-BF4B-00C04F79EFBC}") = "bt-Event-3", "bt-Event-3.csproj", "{7250FDC3-96C7-4F56-86A0-9BC734B278F6}"
EndProject
Global
	GlobalSection(SolutionConfigurationPlatforms) = preSolution
		Debug|Any CPU = Debug|Any CPU
		Release|Any CPU = Release|Any CPU
	EndGlobalSection
	GlobalSection(ProjectConfigurationPlatforms) = postSolution
		{7250FDC3-96C7-4F56-86A0-9BC734B278F6}.Debug|Any CPU.ActiveCfg = Debug|Any CPU
		{7250FDC3-96C7-4F56-86A0-9BC734B278F6}.Debug|Any CPU.Build.0 = Debug|Any CPU
		{7250FDC3-96C7-4F56-86A0-9BC734B278F6}.Release|Any CPU.ActiveCfg = Release|Any CPU
		{7250FDC3-96C7-4F56-86A0-9BC734B278F6}.Release|Any CPU.Build.0 = Release|Any CPU
	EndGlobalSection
	GlobalSection(SolutionProperties) = preSolution
		HideSolutionNode = FALSE
	EndGlobalSection
	GlobalSection(ExtensibilityGlobals) = postSolution
		SolutionGuid = {FDEDA6B7-46FC-4464-B743-7A7A565B5B2D}
	EndGlobalSection
EndGlobal
