
Microsoft Visual Studio Solution File, Format Version 12.00
# Visual Studio Version 17
VisualStudioVersion = 17.8.34330.188
MinimumVisualStudioVersion = 10.0.40219.1
Project("{FAE04EC0-301F-11D3-BF4B-00C04F79EFBC}") = "bt-lamda", "bt-lamda.csproj", "{1AD7F553-B0C0-4E3D-B13A-AAF8D9AE8C4F}"
EndProject
Global
	GlobalSection(SolutionConfigurationPlatforms) = preSolution
		Debug|Any CPU = Debug|Any CPU
		Release|Any CPU = Release|Any CPU
	EndGlobalSection
	GlobalSection(ProjectConfigurationPlatforms) = postSolution
		{1AD7F553-B0C0-4E3D-B13A-AAF8D9AE8C4F}.Debug|Any CPU.ActiveCfg = Debug|Any CPU
		{1AD7F553-B0C0-4E3D-B13A-AAF8D9AE8C4F}.Debug|Any CPU.Build.0 = Debug|Any CPU
		{1AD7F553-B0C0-4E3D-B13A-AAF8D9AE8C4F}.Release|Any CPU.ActiveCfg = Release|Any CPU
		{1AD7F553-B0C0-4E3D-B13A-AAF8D9AE8C4F}.Release|Any CPU.Build.0 = Release|Any CPU
	EndGlobalSection
	GlobalSection(SolutionProperties) = preSolution
		HideSolutionNode = FALSE
	EndGlobalSection
	GlobalSection(ExtensibilityGlobals) = postSolution
		SolutionGuid = {6D1182AA-BEAC-47E8-A534-9DEBA5A7B70A}
	EndGlobalSection
EndGlobal
