
Microsoft Visual Studio Solution File, Format Version 12.00
# Visual Studio Version 17
VisualStudioVersion = 17.8.34330.188
MinimumVisualStudioVersion = 10.0.40219.1
Project("{FAE04EC0-301F-11D3-BF4B-00C04F79EFBC}") = "bt-Event-2", "bt-Event-2.csproj", "{8ADE2BFE-9283-4B5B-ABB8-40F8CE859FAB}"
EndProject
Global
	GlobalSection(SolutionConfigurationPlatforms) = preSolution
		Debug|Any CPU = Debug|Any CPU
		Release|Any CPU = Release|Any CPU
	EndGlobalSection
	GlobalSection(ProjectConfigurationPlatforms) = postSolution
		{8ADE2BFE-9283-4B5B-ABB8-40F8CE859FAB}.Debug|Any CPU.ActiveCfg = Debug|Any CPU
		{8ADE2BFE-9283-4B5B-ABB8-40F8CE859FAB}.Debug|Any CPU.Build.0 = Debug|Any CPU
		{8ADE2BFE-9283-4B5B-ABB8-40F8CE859FAB}.Release|Any CPU.ActiveCfg = Release|Any CPU
		{8ADE2BFE-9283-4B5B-ABB8-40F8CE859FAB}.Release|Any CPU.Build.0 = Release|Any CPU
	EndGlobalSection
	GlobalSection(SolutionProperties) = preSolution
		HideSolutionNode = FALSE
	EndGlobalSection
	GlobalSection(ExtensibilityGlobals) = postSolution
		SolutionGuid = {BE6BB375-F186-4379-8FEC-DD999982DA69}
	EndGlobalSection
EndGlobal
