
Microsoft Visual Studio Solution File, Format Version 12.00
# Visual Studio Version 17
VisualStudioVersion = 17.8.34330.188
MinimumVisualStudioVersion = 10.0.40219.1
Project("{FAE04EC0-301F-11D3-BF4B-00C04F79EFBC}") = "bt-LinkedList", "bt-LinkedList.csproj", "{A30C5B58-4919-43EC-8945-319C9589FFA1}"
EndProject
Global
	GlobalSection(SolutionConfigurationPlatforms) = preSolution
		Debug|Any CPU = Debug|Any CPU
		Release|Any CPU = Release|Any CPU
	EndGlobalSection
	GlobalSection(ProjectConfigurationPlatforms) = postSolution
		{A30C5B58-4919-43EC-8945-319C9589FFA1}.Debug|Any CPU.ActiveCfg = Debug|Any CPU
		{A30C5B58-4919-43EC-8945-319C9589FFA1}.Debug|Any CPU.Build.0 = Debug|Any CPU
		{A30C5B58-4919-43EC-8945-319C9589FFA1}.Release|Any CPU.ActiveCfg = Release|Any CPU
		{A30C5B58-4919-43EC-8945-319C9589FFA1}.Release|Any CPU.Build.0 = Release|Any CPU
	EndGlobalSection
	GlobalSection(SolutionProperties) = preSolution
		HideSolutionNode = FALSE
	EndGlobalSection
	GlobalSection(ExtensibilityGlobals) = postSolution
		SolutionGuid = {46EA91BE-FF85-4CC3-AB4D-D95690AF7D1D}
	EndGlobalSection
EndGlobal
